
Microsoft Visual Studio Solution File, Format Version 12.00
Project("{FAE04EC0-301F-11D3-BF4B-00C04F79EFBC}") = "FormatParser.CLI", "FormatParser.CLI\FormatParser.CLI.csproj", "{EE517A12-3E4D-49E6-A7CE-BBD7E635D78F}"
EndProject
Project("{FAE04EC0-301F-11D3-BF4B-00C04F79EFBC}") = "FormatParser.Core", "FormatParser.Core\FormatParser.Core.csproj", "{9C3CC462-15A7-487F-9131-16998E793D36}"
EndProject
Project("{FAE04EC0-301F-11D3-BF4B-00C04F79EFBC}") = "FormatParser.ELF", "FormatParser.ELF\FormatParser.ELF.csproj", "{4B286C93-6D18-4A91-B23A-E6230F642DC6}"
EndProject
Project("{FAE04EC0-301F-11D3-BF4B-00C04F79EFBC}") = "FormatParser.Tests", "FormatParser.Tests\FormatParser.Tests.csproj", "{5AEFE106-50A0-4456-AD2B-FBE93AEA9A9C}"
EndProject
Project("{FAE04EC0-301F-11D3-BF4B-00C04F79EFBC}") = "FormatParser.MachO", "FormatParser.MachO\FormatParser.MachO.csproj", "{024DBBDD-04BD-430C-9805-8BF49E4F9575}"
EndProject
Project("{FAE04EC0-301F-11D3-BF4B-00C04F79EFBC}") = "FormatParser.PE", "FormatParser.PE\FormatParser.PE.csproj", "{5039F189-1602-48F8-8B86-34F1E0D3D40E}"
EndProject
Project("{FAE04EC0-301F-11D3-BF4B-00C04F79EFBC}") = "FormatParser.Utf", "FormatParser.Utf\FormatParser.Utf.csproj", "{FD4BA4AD-5DE9-417B-A6C7-2B83040D3EC1}"
EndProject
Project("{FAE04EC0-301F-11D3-BF4B-00C04F79EFBC}") = "FormatParser.QualityChecker", "FormatParser.QualityChecker\FormatParser.QualityChecker.csproj", "{41ED9CD7-5682-4BA6-A111-024C62EABFD6}"
EndProject
Project("{FAE04EC0-301F-11D3-BF4B-00C04F79EFBC}") = "FormatParser.Test.Helpers", "FormatParser.Test.Helpers\FormatParser.Test.Helpers.csproj", "{52010B67-43D3-4340-BD84-1431738196B6}"
EndProject
Project("{FAE04EC0-301F-11D3-BF4B-00C04F79EFBC}") = "FormatParser.Domain", "FormatParser.Domain\FormatParser.Domain.csproj", "{DD259180-CAF1-4209-BA56-E2A9761CAD24}"
EndProject
Project("{FAE04EC0-301F-11D3-BF4B-00C04F79EFBC}") = "FormatParser.PerformanceTest", "FormatParser.PerformanceTest\FormatParser.PerformanceTest.csproj", "{83CA3EBF-704D-4058-BA78-D161F1565637}"
EndProject
Project("{FAE04EC0-301F-11D3-BF4B-00C04F79EFBC}") = "FormatParser.Windows1251", "FormatParser.Windows1251\FormatParser.Windows1251.csproj", "{5286ABE9-3CCE-4ED1-A9D3-EC130FF08CC2}"
EndProject
Project("{FAE04EC0-301F-11D3-BF4B-00C04F79EFBC}") = "FormatParser.Helpers", "FormatParser.Helpers\FormatParser.Helpers.csproj", "{394CE69C-D026-4E72-A51C-0075ACE0F450}"
EndProject
Project("{FAE04EC0-301F-11D3-BF4B-00C04F79EFBC}") = "FormatParser.Archives", "FormatParser.Archives\FormatParser.Archives.csproj", "{FE0C3A35-940B-4B2E-9DEC-7CF726A81033}"
EndProject
Project("{FAE04EC0-301F-11D3-BF4B-00C04F79EFBC}") = "FormatParser.Xml", "FormatParser.Xml\FormatParser.Xml.csproj", "{02CF561E-A738-4684-AAB6-1888AC7D2548}"
EndProject
Project("{FAE04EC0-301F-11D3-BF4B-00C04F79EFBC}") = "FormatParser.ArgumentParser", "FormatParser.ArgumentParser\FormatParser.ArgumentParser.csproj", "{D81440C9-3C86-4E93-989C-8E60F0BCCF82}"
EndProject
Global
	GlobalSection(SolutionConfigurationPlatforms) = preSolution
		Debug|Any CPU = Debug|Any CPU
		Release|Any CPU = Release|Any CPU
	EndGlobalSection
	GlobalSection(ProjectConfigurationPlatforms) = postSolution
		{EE517A12-3E4D-49E6-A7CE-BBD7E635D78F}.Debug|Any CPU.ActiveCfg = Debug|Any CPU
		{EE517A12-3E4D-49E6-A7CE-BBD7E635D78F}.Debug|Any CPU.Build.0 = Debug|Any CPU
		{EE517A12-3E4D-49E6-A7CE-BBD7E635D78F}.Release|Any CPU.ActiveCfg = Release|Any CPU
		{EE517A12-3E4D-49E6-A7CE-BBD7E635D78F}.Release|Any CPU.Build.0 = Release|Any CPU
		{9C3CC462-15A7-487F-9131-16998E793D36}.Debug|Any CPU.ActiveCfg = Debug|Any CPU
		{9C3CC462-15A7-487F-9131-16998E793D36}.Debug|Any CPU.Build.0 = Debug|Any CPU
		{9C3CC462-15A7-487F-9131-16998E793D36}.Release|Any CPU.ActiveCfg = Release|Any CPU
		{9C3CC462-15A7-487F-9131-16998E793D36}.Release|Any CPU.Build.0 = Release|Any CPU
		{4B286C93-6D18-4A91-B23A-E6230F642DC6}.Debug|Any CPU.ActiveCfg = Debug|Any CPU
		{4B286C93-6D18-4A91-B23A-E6230F642DC6}.Debug|Any CPU.Build.0 = Debug|Any CPU
		{4B286C93-6D18-4A91-B23A-E6230F642DC6}.Release|Any CPU.ActiveCfg = Release|Any CPU
		{4B286C93-6D18-4A91-B23A-E6230F642DC6}.Release|Any CPU.Build.0 = Release|Any CPU
		{5AEFE106-50A0-4456-AD2B-FBE93AEA9A9C}.Debug|Any CPU.ActiveCfg = Debug|Any CPU
		{5AEFE106-50A0-4456-AD2B-FBE93AEA9A9C}.Debug|Any CPU.Build.0 = Debug|Any CPU
		{5AEFE106-50A0-4456-AD2B-FBE93AEA9A9C}.Release|Any CPU.ActiveCfg = Release|Any CPU
		{5AEFE106-50A0-4456-AD2B-FBE93AEA9A9C}.Release|Any CPU.Build.0 = Release|Any CPU
		{024DBBDD-04BD-430C-9805-8BF49E4F9575}.Debug|Any CPU.ActiveCfg = Debug|Any CPU
		{024DBBDD-04BD-430C-9805-8BF49E4F9575}.Debug|Any CPU.Build.0 = Debug|Any CPU
		{024DBBDD-04BD-430C-9805-8BF49E4F9575}.Release|Any CPU.ActiveCfg = Release|Any CPU
		{024DBBDD-04BD-430C-9805-8BF49E4F9575}.Release|Any CPU.Build.0 = Release|Any CPU
		{5039F189-1602-48F8-8B86-34F1E0D3D40E}.Debug|Any CPU.ActiveCfg = Debug|Any CPU
		{5039F189-1602-48F8-8B86-34F1E0D3D40E}.Debug|Any CPU.Build.0 = Debug|Any CPU
		{5039F189-1602-48F8-8B86-34F1E0D3D40E}.Release|Any CPU.ActiveCfg = Release|Any CPU
		{5039F189-1602-48F8-8B86-34F1E0D3D40E}.Release|Any CPU.Build.0 = Release|Any CPU
		{FD4BA4AD-5DE9-417B-A6C7-2B83040D3EC1}.Debug|Any CPU.ActiveCfg = Debug|Any CPU
		{FD4BA4AD-5DE9-417B-A6C7-2B83040D3EC1}.Debug|Any CPU.Build.0 = Debug|Any CPU
		{FD4BA4AD-5DE9-417B-A6C7-2B83040D3EC1}.Release|Any CPU.ActiveCfg = Release|Any CPU
		{FD4BA4AD-5DE9-417B-A6C7-2B83040D3EC1}.Release|Any CPU.Build.0 = Release|Any CPU
		{41ED9CD7-5682-4BA6-A111-024C62EABFD6}.Debug|Any CPU.ActiveCfg = Debug|Any CPU
		{41ED9CD7-5682-4BA6-A111-024C62EABFD6}.Debug|Any CPU.Build.0 = Debug|Any CPU
		{41ED9CD7-5682-4BA6-A111-024C62EABFD6}.Release|Any CPU.ActiveCfg = Release|Any CPU
		{41ED9CD7-5682-4BA6-A111-024C62EABFD6}.Release|Any CPU.Build.0 = Release|Any CPU
		{52010B67-43D3-4340-BD84-1431738196B6}.Debug|Any CPU.ActiveCfg = Debug|Any CPU
		{52010B67-43D3-4340-BD84-1431738196B6}.Debug|Any CPU.Build.0 = Debug|Any CPU
		{52010B67-43D3-4340-BD84-1431738196B6}.Release|Any CPU.ActiveCfg = Release|Any CPU
		{52010B67-43D3-4340-BD84-1431738196B6}.Release|Any CPU.Build.0 = Release|Any CPU
		{DD259180-CAF1-4209-BA56-E2A9761CAD24}.Debug|Any CPU.ActiveCfg = Debug|Any CPU
		{DD259180-CAF1-4209-BA56-E2A9761CAD24}.Debug|Any CPU.Build.0 = Debug|Any CPU
		{DD259180-CAF1-4209-BA56-E2A9761CAD24}.Release|Any CPU.ActiveCfg = Release|Any CPU
		{DD259180-CAF1-4209-BA56-E2A9761CAD24}.Release|Any CPU.Build.0 = Release|Any CPU
		{83CA3EBF-704D-4058-BA78-D161F1565637}.Debug|Any CPU.ActiveCfg = Debug|Any CPU
		{83CA3EBF-704D-4058-BA78-D161F1565637}.Debug|Any CPU.Build.0 = Debug|Any CPU
		{83CA3EBF-704D-4058-BA78-D161F1565637}.Release|Any CPU.ActiveCfg = Release|Any CPU
		{83CA3EBF-704D-4058-BA78-D161F1565637}.Release|Any CPU.Build.0 = Release|Any CPU
		{5286ABE9-3CCE-4ED1-A9D3-EC130FF08CC2}.Debug|Any CPU.ActiveCfg = Debug|Any CPU
		{5286ABE9-3CCE-4ED1-A9D3-EC130FF08CC2}.Debug|Any CPU.Build.0 = Debug|Any CPU
		{5286ABE9-3CCE-4ED1-A9D3-EC130FF08CC2}.Release|Any CPU.ActiveCfg = Release|Any CPU
		{5286ABE9-3CCE-4ED1-A9D3-EC130FF08CC2}.Release|Any CPU.Build.0 = Release|Any CPU
		{394CE69C-D026-4E72-A51C-0075ACE0F450}.Debug|Any CPU.ActiveCfg = Debug|Any CPU
		{394CE69C-D026-4E72-A51C-0075ACE0F450}.Debug|Any CPU.Build.0 = Debug|Any CPU
		{394CE69C-D026-4E72-A51C-0075ACE0F450}.Release|Any CPU.ActiveCfg = Release|Any CPU
		{394CE69C-D026-4E72-A51C-0075ACE0F450}.Release|Any CPU.Build.0 = Release|Any CPU
		{FE0C3A35-940B-4B2E-9DEC-7CF726A81033}.Debug|Any CPU.ActiveCfg = Debug|Any CPU
		{FE0C3A35-940B-4B2E-9DEC-7CF726A81033}.Debug|Any CPU.Build.0 = Debug|Any CPU
		{FE0C3A35-940B-4B2E-9DEC-7CF726A81033}.Release|Any CPU.ActiveCfg = Release|Any CPU
		{FE0C3A35-940B-4B2E-9DEC-7CF726A81033}.Release|Any CPU.Build.0 = Release|Any CPU
		{02CF561E-A738-4684-AAB6-1888AC7D2548}.Debug|Any CPU.ActiveCfg = Debug|Any CPU
		{02CF561E-A738-4684-AAB6-1888AC7D2548}.Debug|Any CPU.Build.0 = Debug|Any CPU
		{02CF561E-A738-4684-AAB6-1888AC7D2548}.Release|Any CPU.ActiveCfg = Release|Any CPU
		{02CF561E-A738-4684-AAB6-1888AC7D2548}.Release|Any CPU.Build.0 = Release|Any CPU
		{D81440C9-3C86-4E93-989C-8E60F0BCCF82}.Debug|Any CPU.ActiveCfg = Debug|Any CPU
		{D81440C9-3C86-4E93-989C-8E60F0BCCF82}.Debug|Any CPU.Build.0 = Debug|Any CPU
		{D81440C9-3C86-4E93-989C-8E60F0BCCF82}.Release|Any CPU.ActiveCfg = Release|Any CPU
		{D81440C9-3C86-4E93-989C-8E60F0BCCF82}.Release|Any CPU.Build.0 = Release|Any CPU
	EndGlobalSection
EndGlobal
